
Microsoft Visual Studio Solution File, Format Version 12.00
# Visual Studio Version 16
VisualStudioVersion = 16.0.29009.5
MinimumVisualStudioVersion = 10.0.40219.1
Project("{FAE04EC0-301F-11D3-BF4B-00C04F79EFBC}") = "UtilityMonitor", "UtilityMonitor.csproj", "{38FA8E1C-89B6-44C7-88B3-8297CB144465}"
EndProject
Global
	GlobalSection(SolutionConfigurationPlatforms) = preSolution
		Debug|Any CPU = Debug|Any CPU
		Release|Any CPU = Release|Any CPU
	EndGlobalSection
	GlobalSection(ProjectConfigurationPlatforms) = postSolution
		{38FA8E1C-89B6-44C7-88B3-8297CB144465}.Debug|Any CPU.ActiveCfg = Debug|Any CPU
		{38FA8E1C-89B6-44C7-88B3-8297CB144465}.Debug|Any CPU.Build.0 = Debug|Any CPU
		{38FA8E1C-89B6-44C7-88B3-8297CB144465}.Release|Any CPU.ActiveCfg = Release|Any CPU
		{38FA8E1C-89B6-44C7-88B3-8297CB144465}.Release|Any CPU.Build.0 = Release|Any CPU
	EndGlobalSection
	GlobalSection(SolutionProperties) = preSolution
		HideSolutionNode = FALSE
	EndGlobalSection
	GlobalSection(ExtensibilityGlobals) = postSolution
		SolutionGuid = {6E8A2209-1E90-4D53-85CE-FA843993FDB4}
	EndGlobalSection
EndGlobal
